
Microsoft Visual Studio Solution File, Format Version 12.00
# Visual Studio Version 16
VisualStudioVersion = 16.0.31515.178
MinimumVisualStudioVersion = 10.0.40219.1
Project("{FAE04EC0-301F-11D3-BF4B-00C04F79EFBC}") = "DifficultyPlus", "DifficultyPlus\DifficultyPlus.csproj", "{E2F216E4-8058-4BBF-8324-2D3251A6A2D9}"
EndProject
Global
	GlobalSection(SolutionConfigurationPlatforms) = preSolution
		Debug|Any CPU = Debug|Any CPU
		Release|Any CPU = Release|Any CPU
	EndGlobalSection
	GlobalSection(ProjectConfigurationPlatforms) = postSolution
		{E2F216E4-8058-4BBF-8324-2D3251A6A2D9}.Debug|Any CPU.ActiveCfg = Debug|Any CPU
		{E2F216E4-8058-4BBF-8324-2D3251A6A2D9}.Debug|Any CPU.Build.0 = Debug|Any CPU
		{E2F216E4-8058-4BBF-8324-2D3251A6A2D9}.Release|Any CPU.ActiveCfg = Release|Any CPU
		{E2F216E4-8058-4BBF-8324-2D3251A6A2D9}.Release|Any CPU.Build.0 = Release|Any CPU
	EndGlobalSection
	GlobalSection(SolutionProperties) = preSolution
		HideSolutionNode = FALSE
	EndGlobalSection
	GlobalSection(ExtensibilityGlobals) = postSolution
		SolutionGuid = {AD3526D6-70FC-424B-A13D-FD868A75F7CF}
	EndGlobalSection
EndGlobal
